{
  "name": "radiko-data",
  "version": "1.0.0",
  "lockfileVersion": 3,
  "requires": true,
  "packages": {
    "": {
      "name": "radiko-data",
      "version": "1.0.0",
      "license": "ISC",
      "dependencies": {
        "objtree": "^0.1.24"
      }
    },
    "node_modules/objtree": {
      "version": "0.1.24",
      "resolved": "https://registry.npmjs.org/objtree/-/objtree-0.1.24.tgz",
      "integrity": "sha1-PWmJzcVrY9frTlHkPCBzs2Nwal0=",
      "dependencies": {
        "underscore": "",
        "xmldom": ""
      },
      "engines": {
        "node": "*"
      }
    },
    "node_modules/underscore": {
      "version": "1.13.1",
      "resolved": "https://registry.npmjs.org/underscore/-/underscore-1.13.1.tgz",
      "integrity": "sha512-hzSoAVtJF+3ZtiFX0VgfFPHEDRm7Y/QPjGyNo4TVdnDTdft3tr8hEkD25a1jC+TjTuE7tkHGKkhwCgs9dgBB2g=="
    },
    "node_modules/xmldom": {
      "version": "0.1.27",
      "resolved": "https://registry.npmjs.org/xmldom/-/xmldom-0.1.27.tgz",
      "integrity": "sha1-1QH5ezvbQDr4757MIFcxh6rawOk=",
      "deprecated": "Deprecated due to CVE-2021-21366 resolved in 0.5.0",
      "engines": {
        "node": ">=0.1"
      }
    }
  }
}
