{
  "name": "radiko-data",
  "version": "1.0.0",
  "lockfileVersion": 3,
  "requires": true,
  "packages": {
    "": {
      "name": "radiko-data",
      "version": "1.0.0",
      "license": "ISC",
      "dependencies": {
        "objtree": "0.1.24"
      }
    },
    "node_modules/objtree": {
      "version": "0.1.24",
      "resolved": "https://registry.npmjs.org/objtree/-/objtree-0.1.24.tgz",
      "integrity": "sha512-5BphRHF3yJp1T7wysUyWy/yhzpcfIOmmAWqhLBnttitvsbBmvXCoq+G0r9BJegiZbBBpjD67+U7zQDr+nyY0Ig==",
      "dependencies": {
        "underscore": "",
        "xmldom": ""
      },
      "engines": {
        "node": "*"
      }
    },
    "node_modules/underscore": {
      "version": "1.13.8",
      "resolved": "https://registry.npmjs.org/underscore/-/underscore-1.13.8.tgz",
      "integrity": "sha512-DXtD3ZtEQzc7M8m4cXotyHR+FAS18C64asBYY5vqZexfYryNNnDc02W4hKg3rdQuqOYas1jkseX0+nZXjTXnvQ==",
      "license": "MIT"
    },
    "node_modules/xmldom": {
      "name": "@xmldom/xmldom",
      "version": "0.9.12",
      "resolved": "https://registry.npmjs.org/@xmldom/xmldom/-/xmldom-0.9.12.tgz",
      "integrity": "sha512-5AXjrcMClTryPe9LgZrygpB1lj7s0S9E0+W+AHaVKAVyHanafK86iPSvG5xHVSp/jC+VH1UXu0TAEmY279xH7A==",
      "license": "MIT",
      "engines": {
        "node": ">=14.6"
      }
    }
  }
}
